
Microsoft Visual Studio Solution File, Format Version 12.00
# Visual Studio Version 17
VisualStudioVersion = 17.4.33122.133
MinimumVisualStudioVersion = 10.0.40219.1
Project("{FAE04EC0-301F-11D3-BF4B-00C04F79EFBC}") = "Overseer.Data", "Overseer.Data\Overseer.Data.csproj", "{344B0963-CD55-46B2-A5FF-20DC6DC2DF62}"
EndProject
Project("{FAE04EC0-301F-11D3-BF4B-00C04F79EFBC}") = "Overseer.Backend", "Overseer.Backend\Overseer.Backend.csproj", "{4F29679E-7FDC-4454-9C41-3B4C66ACC9D1}"
EndProject
Project("{FAE04EC0-301F-11D3-BF4B-00C04F79EFBC}") = "Overseer.Cli", "Overseer.Cli\Overseer.Cli.csproj", "{4F2973A6-BBA3-406D-A221-4B0989C81AFE}"
EndProject
Global
	GlobalSection(SolutionConfigurationPlatforms) = preSolution
		Debug|Any CPU = Debug|Any CPU
		Release|Any CPU = Release|Any CPU
	EndGlobalSection
	GlobalSection(ProjectConfigurationPlatforms) = postSolution
		{344B0963-CD55-46B2-A5FF-20DC6DC2DF62}.Debug|Any CPU.ActiveCfg = Debug|Any CPU
		{344B0963-CD55-46B2-A5FF-20DC6DC2DF62}.Debug|Any CPU.Build.0 = Debug|Any CPU
		{344B0963-CD55-46B2-A5FF-20DC6DC2DF62}.Release|Any CPU.ActiveCfg = Release|Any CPU
		{344B0963-CD55-46B2-A5FF-20DC6DC2DF62}.Release|Any CPU.Build.0 = Release|Any CPU
		{4F29679E-7FDC-4454-9C41-3B4C66ACC9D1}.Debug|Any CPU.ActiveCfg = Debug|Any CPU
		{4F29679E-7FDC-4454-9C41-3B4C66ACC9D1}.Debug|Any CPU.Build.0 = Debug|Any CPU
		{4F29679E-7FDC-4454-9C41-3B4C66ACC9D1}.Release|Any CPU.ActiveCfg = Release|Any CPU
		{4F29679E-7FDC-4454-9C41-3B4C66ACC9D1}.Release|Any CPU.Build.0 = Release|Any CPU
		{4F2973A6-BBA3-406D-A221-4B0989C81AFE}.Debug|Any CPU.ActiveCfg = Debug|Any CPU
		{4F2973A6-BBA3-406D-A221-4B0989C81AFE}.Debug|Any CPU.Build.0 = Debug|Any CPU
		{4F2973A6-BBA3-406D-A221-4B0989C81AFE}.Release|Any CPU.ActiveCfg = Release|Any CPU
		{4F2973A6-BBA3-406D-A221-4B0989C81AFE}.Release|Any CPU.Build.0 = Release|Any CPU
	EndGlobalSection
	GlobalSection(SolutionProperties) = preSolution
		HideSolutionNode = FALSE
	EndGlobalSection
	GlobalSection(ExtensibilityGlobals) = postSolution
		SolutionGuid = {FF127265-834B-4EE5-A2B5-1F2B73394510}
	EndGlobalSection
EndGlobal
